
Microsoft Visual Studio Solution File, Format Version 12.00
# Visual Studio Version 16
VisualStudioVersion = 16.0.31321.278
MinimumVisualStudioVersion = 10.0.40219.1
Project("{FAE04EC0-301F-11D3-BF4B-00C04F79EFBC}") = "LittleStorageAdmin", "LittleStorageAdmin\LittleStorageAdmin.csproj", "{EFD67DF2-3B63-430A-B531-D6A3F92F5055}"
EndProject
Global
	GlobalSection(SolutionConfigurationPlatforms) = preSolution
		Debug|Any CPU = Debug|Any CPU
		Release|Any CPU = Release|Any CPU
	EndGlobalSection
	GlobalSection(ProjectConfigurationPlatforms) = postSolution
		{EFD67DF2-3B63-430A-B531-D6A3F92F5055}.Debug|Any CPU.ActiveCfg = Debug|Any CPU
		{EFD67DF2-3B63-430A-B531-D6A3F92F5055}.Debug|Any CPU.Build.0 = Debug|Any CPU
		{EFD67DF2-3B63-430A-B531-D6A3F92F5055}.Release|Any CPU.ActiveCfg = Release|Any CPU
		{EFD67DF2-3B63-430A-B531-D6A3F92F5055}.Release|Any CPU.Build.0 = Release|Any CPU
	EndGlobalSection
	GlobalSection(SolutionProperties) = preSolution
		HideSolutionNode = FALSE
	EndGlobalSection
	GlobalSection(ExtensibilityGlobals) = postSolution
		SolutionGuid = {E66DEFA2-48B7-47A8-BB9E-DFFF4CDEEE39}
	EndGlobalSection
EndGlobal
